
Microsoft Visual Studio Solution File, Format Version 12.00
Project("{FAE04EC0-301F-11D3-BF4B-00C04F79EFBC}") = "Silly.Web", "Silly.Web\Silly.Web.csproj", "{6CB75B6E-BA55-4656-823B-ECF2ADE8F825}"
EndProject
Project("{FAE04EC0-301F-11D3-BF4B-00C04F79EFBC}") = "Silly.Application", "Silly.Application\Silly.Application.csproj", "{8688678A-28E3-4432-823B-A828D24D9815}"
EndProject
Project("{FAE04EC0-301F-11D3-BF4B-00C04F79EFBC}") = "Silly.Repository", "Silly.Repository\Silly.Repository.csproj", "{6DA94653-8578-4780-96FC-57E248B32EF6}"
EndProject
Global
	GlobalSection(SolutionConfigurationPlatforms) = preSolution
		Debug|Any CPU = Debug|Any CPU
		Release|Any CPU = Release|Any CPU
	EndGlobalSection
	GlobalSection(ProjectConfigurationPlatforms) = postSolution
		{6CB75B6E-BA55-4656-823B-ECF2ADE8F825}.Debug|Any CPU.ActiveCfg = Debug|Any CPU
		{6CB75B6E-BA55-4656-823B-ECF2ADE8F825}.Debug|Any CPU.Build.0 = Debug|Any CPU
		{6CB75B6E-BA55-4656-823B-ECF2ADE8F825}.Release|Any CPU.ActiveCfg = Release|Any CPU
		{6CB75B6E-BA55-4656-823B-ECF2ADE8F825}.Release|Any CPU.Build.0 = Release|Any CPU
		{8688678A-28E3-4432-823B-A828D24D9815}.Debug|Any CPU.ActiveCfg = Debug|Any CPU
		{8688678A-28E3-4432-823B-A828D24D9815}.Debug|Any CPU.Build.0 = Debug|Any CPU
		{8688678A-28E3-4432-823B-A828D24D9815}.Release|Any CPU.ActiveCfg = Release|Any CPU
		{8688678A-28E3-4432-823B-A828D24D9815}.Release|Any CPU.Build.0 = Release|Any CPU
		{6DA94653-8578-4780-96FC-57E248B32EF6}.Debug|Any CPU.ActiveCfg = Debug|Any CPU
		{6DA94653-8578-4780-96FC-57E248B32EF6}.Debug|Any CPU.Build.0 = Debug|Any CPU
		{6DA94653-8578-4780-96FC-57E248B32EF6}.Release|Any CPU.ActiveCfg = Release|Any CPU
		{6DA94653-8578-4780-96FC-57E248B32EF6}.Release|Any CPU.Build.0 = Release|Any CPU
	EndGlobalSection
EndGlobal
